
Microsoft Visual Studio Solution File, Format Version 12.00
# Visual Studio Version 16
VisualStudioVersion = 16.0.29613.14
MinimumVisualStudioVersion = 10.0.40219.1
Project("{FAE04EC0-301F-11D3-BF4B-00C04F79EFBC}") = "PersonWebApi", "PersonWebApi\PersonWebApi.csproj", "{F15C55E3-B558-4FD6-AC6C-547AA116C635}"
EndProject
Project("{FAE04EC0-301F-11D3-BF4B-00C04F79EFBC}") = "Infinite", "Infinite\Infinite.csproj", "{7CEE2CBC-5010-4BAE-A43C-6B0CE7EEDB72}"
EndProject
Project("{FAE04EC0-301F-11D3-BF4B-00C04F79EFBC}") = "Infinite.Test", "Infinite.Test\Infinite.Test.csproj", "{8A39B4F4-4F8A-495B-A769-9E8D83F45D79}"
EndProject
Global
	GlobalSection(SolutionConfigurationPlatforms) = preSolution
		Debug|Any CPU = Debug|Any CPU
		Release|Any CPU = Release|Any CPU
	EndGlobalSection
	GlobalSection(ProjectConfigurationPlatforms) = postSolution
		{F15C55E3-B558-4FD6-AC6C-547AA116C635}.Debug|Any CPU.ActiveCfg = Debug|Any CPU
		{F15C55E3-B558-4FD6-AC6C-547AA116C635}.Debug|Any CPU.Build.0 = Debug|Any CPU
		{F15C55E3-B558-4FD6-AC6C-547AA116C635}.Release|Any CPU.ActiveCfg = Release|Any CPU
		{F15C55E3-B558-4FD6-AC6C-547AA116C635}.Release|Any CPU.Build.0 = Release|Any CPU
		{7CEE2CBC-5010-4BAE-A43C-6B0CE7EEDB72}.Debug|Any CPU.ActiveCfg = Debug|Any CPU
		{7CEE2CBC-5010-4BAE-A43C-6B0CE7EEDB72}.Debug|Any CPU.Build.0 = Debug|Any CPU
		{7CEE2CBC-5010-4BAE-A43C-6B0CE7EEDB72}.Release|Any CPU.ActiveCfg = Release|Any CPU
		{7CEE2CBC-5010-4BAE-A43C-6B0CE7EEDB72}.Release|Any CPU.Build.0 = Release|Any CPU
		{8A39B4F4-4F8A-495B-A769-9E8D83F45D79}.Debug|Any CPU.ActiveCfg = Debug|Any CPU
		{8A39B4F4-4F8A-495B-A769-9E8D83F45D79}.Debug|Any CPU.Build.0 = Debug|Any CPU
		{8A39B4F4-4F8A-495B-A769-9E8D83F45D79}.Release|Any CPU.ActiveCfg = Release|Any CPU
		{8A39B4F4-4F8A-495B-A769-9E8D83F45D79}.Release|Any CPU.Build.0 = Release|Any CPU
	EndGlobalSection
	GlobalSection(SolutionProperties) = preSolution
		HideSolutionNode = FALSE
	EndGlobalSection
	GlobalSection(ExtensibilityGlobals) = postSolution
		SolutionGuid = {0FA41AD6-ACAF-4A47-A390-D4DF663AD689}
	EndGlobalSection
EndGlobal
